
Microsoft Visual Studio Solution File, Format Version 12.00
# Visual Studio Version 16
VisualStudioVersion = 16.0.30128.74
MinimumVisualStudioVersion = 10.0.40219.1
Project("{9A19103F-16F7-4668-BE54-9A1E7A4F7556}") = "ExampleApp", "ExampleApp.csproj", "{AFD8B1C8-9DD6-4B2A-89FB-50111B6C912D}"
EndProject
Global
	GlobalSection(SolutionConfigurationPlatforms) = preSolution
		Debug|Any CPU = Debug|Any CPU
		Release|Any CPU = Release|Any CPU
	EndGlobalSection
	GlobalSection(ProjectConfigurationPlatforms) = postSolution
		{AFD8B1C8-9DD6-4B2A-89FB-50111B6C912D}.Debug|Any CPU.ActiveCfg = Debug|Any CPU
		{AFD8B1C8-9DD6-4B2A-89FB-50111B6C912D}.Debug|Any CPU.Build.0 = Debug|Any CPU
		{AFD8B1C8-9DD6-4B2A-89FB-50111B6C912D}.Release|Any CPU.ActiveCfg = Release|Any CPU
		{AFD8B1C8-9DD6-4B2A-89FB-50111B6C912D}.Release|Any CPU.Build.0 = Release|Any CPU
	EndGlobalSection
	GlobalSection(SolutionProperties) = preSolution
		HideSolutionNode = FALSE
	EndGlobalSection
	GlobalSection(ExtensibilityGlobals) = postSolution
		SolutionGuid = {13560500-E0C7-4B6E-9A8A-C7F2B3795E8B}
	EndGlobalSection
EndGlobal
